<?xml version="1.0" encoding="utf-8"?>
<Project ToolsVersion="4.0" xmlns="http://schemas.microsoft.com/developer/msbuild/2003">
  <ItemGroup>
    <Filter Include="Source Files">
      <UniqueIdentifier>{4FC737F1-C7A5-4376-A066-2A32D752A2FF}</UniqueIdentifier>
      <Extensions>cpp;c;cc;cxx;def;odl;idl;hpj;bat;asm;asmx</Extensions>
    </Filter>
    <Filter Include="Header Files">
      <UniqueIdentifier>{93995380-89BD-4b04-88EB-625FBE52EBFB}</UniqueIdentifier>
      <Extensions>h;hh;hpp;hxx;hm;inl;inc;ipp;xsd</Extensions>
    </Filter>
    <Filter Include="Resource Files">
      <UniqueIdentifier>{67DA6AB6-F800-4c08-8B7A-83BB121AAD01}</UniqueIdentifier>
      <Extensions>rc;ico;cur;bmp;dlg;rc2;rct;bin;rgs;gif;jpg;jpeg;jpe;resx;tiff;tif;png;wav;mfcribbon-ms</Extensions>
    </Filter>
    <Filter Include="Header Files\Filter">
      <UniqueIdentifier>{0aaaaa8d-24f2-409e-aea5-b8640d48bb57}</UniqueIdentifier>
    </Filter>
    <Filter Include="Source Files\Filter">
      <UniqueIdentifier>{aec895f2-7e59-4d53-9902-4cad70baf4cf}</UniqueIdentifier>
    </Filter>
    <Filter Include="Header Files\Filter\Blur">
      <UniqueIdentifier>{5731d0da-e6a9-4669-bd41-8777626cd766}</UniqueIdentifier>
    </Filter>
    <Filter Include="Header Files\Filter\Edge Detection">
      <UniqueIdentifier>{3ec2ebce-5ffa-4e58-ba62-e11f99fcf338}</UniqueIdentifier>
    </Filter>
    <Filter Include="Header Files\Filter\Sharpening">
      <UniqueIdentifier>{2c781328-3288-4096-a451-c72c4121a2a6}</UniqueIdentifier>
    </Filter>
    <Filter Include="Source Files\Filter\Blur">
      <UniqueIdentifier>{a1aa380c-c72d-4f1a-9283-30158d4e2469}</UniqueIdentifier>
    </Filter>
    <Filter Include="Source Files\Filter\Edge Detection">
      <UniqueIdentifier>{362e075b-1f9c-4809-ba9c-4c82a78d24ae}</UniqueIdentifier>
    </Filter>
    <Filter Include="Source Files\Filter\Sharpening">
      <UniqueIdentifier>{8bdc51d6-5a40-4572-8c09-8f7def5cbda6}</UniqueIdentifier>
    </Filter>
  </ItemGroup>
  <ItemGroup>
    <ClInclude Include="pch.h">
      <Filter>Header Files</Filter>
    </ClInclude>
    <ClInclude Include="IOHelper.h">
      <Filter>Header Files</Filter>
    </ClInclude>
    <ClInclude Include="FilterBase.h">
      <Filter>Header Files\Filter</Filter>
    </ClInclude>
    <ClInclude Include="BilateralFilter2D.h">
      <Filter>Header Files\Filter\Blur</Filter>
    </ClInclude>
    <ClInclude Include="..\..\..\bit.linyu%40gmail.com\Cplusplus_MedianFiltering\SpatialFiltering_Demo\FastGaussianFilter2D.h">
      <Filter>Header Files\Filter\Blur</Filter>
    </ClInclude>
    <ClInclude Include="GaussianFilter2D.h">
      <Filter>Header Files\Filter\Blur</Filter>
    </ClInclude>
    <ClInclude Include="LinearMotionBlur2D.h">
      <Filter>Header Files\Filter\Blur</Filter>
    </ClInclude>
    <ClInclude Include="MeanFilter2D.h">
      <Filter>Header Files\Filter\Blur</Filter>
    </ClInclude>
    <ClInclude Include="..\..\..\bit.linyu%40gmail.com\Cplusplus_MedianFiltering\SpatialFiltering_Demo\MeanFilterByTwo1DKernels.h">
      <Filter>Header Files\Filter\Blur</Filter>
    </ClInclude>
    <ClInclude Include="MedianFilter2D.h">
      <Filter>Header Files\Filter\Blur</Filter>
    </ClInclude>
    <ClInclude Include="..\..\..\bit.linyu%40gmail.com\Cplusplus_MedianFiltering\SpatialFiltering_Demo\UnsharpMaskFilter.h">
      <Filter>Header Files\Filter\Sharpening</Filter>
    </ClInclude>
    <ClInclude Include="..\..\..\bit.linyu%40gmail.com\Cplusplus_MedianFiltering\SpatialFiltering_Demo\LaplacianOfGaussian2D.h">
      <Filter>Header Files\Filter\Edge Detection</Filter>
    </ClInclude>
    <ClInclude Include="Kernel.h">
      <Filter>Header Files\Filter</Filter>
    </ClInclude>
    <ClInclude Include="..\..\..\bit.linyu%40gmail.com\Cplusplus_MedianFiltering\SpatialFiltering_Demo\Sobel.h">
      <Filter>Header Files\Filter\Edge Detection</Filter>
    </ClInclude>
    <ClInclude Include="..\..\..\bit.linyu%40gmail.com\Cplusplus_MedianFiltering\SpatialFiltering_Demo\Laplacian.h">
      <Filter>Header Files\Filter\Edge Detection</Filter>
    </ClInclude>
    <ClInclude Include="..\..\..\bit.linyu%40gmail.com\Cplusplus_MedianFiltering\SpatialFiltering_Demo\Prewitt.h">
      <Filter>Header Files\Filter\Edge Detection</Filter>
    </ClInclude>
    <ClInclude Include="..\..\..\bit.linyu%40gmail.com\Cplusplus_MedianFiltering\SpatialFiltering_Demo\DifferenceOfGaussian.h">
      <Filter>Header Files\Filter\Edge Detection</Filter>
    </ClInclude>
  </ItemGroup>
  <ItemGroup>
    <ClCompile Include="pch.cpp">
      <Filter>Source Files</Filter>
    </ClCompile>
    <ClCompile Include="SpatialFiltering_Demo.cpp">
      <Filter>Source Files</Filter>
    </ClCompile>
    <ClCompile Include="IOHelper.cpp">
      <Filter>Source Files</Filter>
    </ClCompile>
    <ClCompile Include="FilterBase.cpp">
      <Filter>Source Files\Filter</Filter>
    </ClCompile>
    <ClCompile Include="BilateralFilter2D.cpp">
      <Filter>Source Files\Filter\Blur</Filter>
    </ClCompile>
    <ClCompile Include="..\..\..\bit.linyu%40gmail.com\Cplusplus_MedianFiltering\SpatialFiltering_Demo\FastGaussianFilter2D.cpp">
      <Filter>Source Files\Filter\Blur</Filter>
    </ClCompile>
    <ClCompile Include="GaussianFilter2D.cpp">
      <Filter>Source Files\Filter\Blur</Filter>
    </ClCompile>
    <ClCompile Include="MotionBlur2D.cpp">
      <Filter>Source Files\Filter\Blur</Filter>
    </ClCompile>
    <ClCompile Include="MeanFilter2D.cpp">
      <Filter>Source Files\Filter\Blur</Filter>
    </ClCompile>
    <ClCompile Include="..\..\..\bit.linyu%40gmail.com\Cplusplus_MedianFiltering\SpatialFiltering_Demo\MeanFilterByTwo1DKernels.cpp">
      <Filter>Source Files\Filter\Blur</Filter>
    </ClCompile>
    <ClCompile Include="MedianFilter2D.cpp">
      <Filter>Source Files\Filter\Blur</Filter>
    </ClCompile>
    <ClCompile Include="..\..\..\bit.linyu%40gmail.com\Cplusplus_MedianFiltering\SpatialFiltering_Demo\UnsharpMaskFilter.cpp">
      <Filter>Source Files\Filter\Sharpening</Filter>
    </ClCompile>
    <ClCompile Include="..\..\..\bit.linyu%40gmail.com\Cplusplus_MedianFiltering\SpatialFiltering_Demo\LaplacianOfGaussian2D.cpp">
      <Filter>Source Files\Filter\Edge Detection</Filter>
    </ClCompile>
    <ClCompile Include="Kernel.cpp">
      <Filter>Source Files\Filter</Filter>
    </ClCompile>
    <ClCompile Include="..\..\..\bit.linyu%40gmail.com\Cplusplus_MedianFiltering\SpatialFiltering_Demo\Laplacian.cpp">
      <Filter>Source Files\Filter\Edge Detection</Filter>
    </ClCompile>
    <ClCompile Include="..\..\..\bit.linyu%40gmail.com\Cplusplus_MedianFiltering\SpatialFiltering_Demo\Sobel.cpp">
      <Filter>Source Files\Filter\Edge Detection</Filter>
    </ClCompile>
    <ClCompile Include="..\..\..\bit.linyu%40gmail.com\Cplusplus_MedianFiltering\SpatialFiltering_Demo\Prewitt.cpp">
      <Filter>Source Files\Filter\Edge Detection</Filter>
    </ClCompile>
    <ClCompile Include="..\..\..\bit.linyu%40gmail.com\Cplusplus_MedianFiltering\SpatialFiltering_Demo\DifferenceOfGaussian.cpp">
      <Filter>Source Files</Filter>
    </ClCompile>
  </ItemGroup>
</Project>